
Microsoft Visual Studio Solution File, Format Version 9.00
# Visual C++ Express 2005
Project("{8BC9CEB8-8B4A-11D0-8D11-00A0C91BC942}") = "Rubiks", "Rubiks.vcproj", "{DEC04CFE-A8EC-48AC-8A07-1C0E84F07BC4}"
EndProject
Global
	GlobalSection(SolutionConfigurationPlatforms) = preSolution
		Debug|Win32 = Debug|Win32
		Release|Win32 = Release|Win32
	EndGlobalSection
	GlobalSection(ProjectConfigurationPlatforms) = postSolution
		{DEC04CFE-A8EC-48AC-8A07-1C0E84F07BC4}.Debug|Win32.ActiveCfg = Debug|Win32
		{DEC04CFE-A8EC-48AC-8A07-1C0E84F07BC4}.Debug|Win32.Build.0 = Debug|Win32
		{DEC04CFE-A8EC-48AC-8A07-1C0E84F07BC4}.Release|Win32.ActiveCfg = Release|Win32
		{DEC04CFE-A8EC-48AC-8A07-1C0E84F07BC4}.Release|Win32.Build.0 = Release|Win32
	EndGlobalSection
	GlobalSection(SolutionProperties) = preSolution
		HideSolutionNode = FALSE
	EndGlobalSection
EndGlobal
